
Microsoft Visual Studio Solution File, Format Version 12.00
# Visual Studio Version 16
VisualStudioVersion = 16.0.29920.165
MinimumVisualStudioVersion = 10.0.40219.1
Project("{FAE04EC0-301F-11D3-BF4B-00C04F79EFBC}") = "angularApp", "angularApp.csproj", "{31841A5B-B540-4B93-819A-3BCF89BBD416}"
EndProject
Global
	GlobalSection(SolutionConfigurationPlatforms) = preSolution
		Debug|Any CPU = Debug|Any CPU
		Release|Any CPU = Release|Any CPU
	EndGlobalSection
	GlobalSection(ProjectConfigurationPlatforms) = postSolution
		{31841A5B-B540-4B93-819A-3BCF89BBD416}.Debug|Any CPU.ActiveCfg = Debug|Any CPU
		{31841A5B-B540-4B93-819A-3BCF89BBD416}.Debug|Any CPU.Build.0 = Debug|Any CPU
		{31841A5B-B540-4B93-819A-3BCF89BBD416}.Release|Any CPU.ActiveCfg = Release|Any CPU
		{31841A5B-B540-4B93-819A-3BCF89BBD416}.Release|Any CPU.Build.0 = Release|Any CPU
	EndGlobalSection
	GlobalSection(SolutionProperties) = preSolution
		HideSolutionNode = FALSE
	EndGlobalSection
	GlobalSection(ExtensibilityGlobals) = postSolution
		SolutionGuid = {49D16D84-063F-47CA-A3E8-6C7CAD5D1751}
	EndGlobalSection
EndGlobal
